github.com/confluentinc/confluent-kafka-go v1.4.2 h1:13EK9RTujF7lVkvHQ5Hbu6bM+Yfrq8L0MkJNnjHSd4Q=
github.com/confluentinc/confluent-kafka-go v1.4.2/go.mod h1:u2zNLny2xq+5rWeTQjFHbDzzNuba4P1vo31r9r4uAdg=
github.com/go-playground/assert/v2 v2.0.1/go.mod h1:VDjEfimB/XKnb+ZQfWdccd7VUvScMdVu0Titje2rxJ4=
github.com/hetacode/go-eh v0.0.2 h1:Ca+tFvg0B/JN74htwS1ESpyOZnPGs1Ci0ZUD24zjWqg=
github.com/hetacode/go-eh v0.0.2/go.mod h1:EBaF2M7EOJaMMzy+OKUBHbaUhuLUTPgp1Dm8bsiu5nU=
github.com/streadway/amqp v1.0.0 h1:kuuDrUJFZL1QYL9hUNuCxNObNzB0bV/ZG5jV3RWAQgo=
github.com/streadway/amqp v1.0.0/go.mod h1:AZpEONHx3DKn8O/DFsRAY58/XVQiIPMTMB1SddzLXVw=
